
Microsoft Visual Studio Solution File, Format Version 12.00
# Visual Studio 15
Project("{FAE04EC0-301F-11D3-BF4B-00C04F79EFBC}") = "Assembly-CSharp", "Assembly-CSharp.csproj", "{EC367D8A-F2DC-B7C3-0511-4E32DADEF652}"
EndProject
Project("{FAE04EC0-301F-11D3-BF4B-00C04F79EFBC}") = "Assembly-CSharp-firstpass", "Assembly-CSharp-firstpass.csproj", "{C9D10E84-7EDA-8481-61BE-3738EFF68300}"
EndProject
Project("{FAE04EC0-301F-11D3-BF4B-00C04F79EFBC}") = "Assembly-CSharp-Editor-firstpass", "Assembly-CSharp-Editor-firstpass.csproj", "{E1B81C37-58C1-70CB-E696-C2BD107CC310}"
EndProject
Global
	GlobalSection(SolutionConfigurationPlatforms) = preSolution
		Debug|Any CPU = Debug|Any CPU
		Release|Any CPU = Release|Any CPU
	EndGlobalSection
	GlobalSection(ProjectConfigurationPlatforms) = postSolution
		{EC367D8A-F2DC-B7C3-0511-4E32DADEF652}.Debug|Any CPU.ActiveCfg = Debug|Any CPU
		{EC367D8A-F2DC-B7C3-0511-4E32DADEF652}.Debug|Any CPU.Build.0 = Debug|Any CPU
		{EC367D8A-F2DC-B7C3-0511-4E32DADEF652}.Release|Any CPU.ActiveCfg = Release|Any CPU
		{EC367D8A-F2DC-B7C3-0511-4E32DADEF652}.Release|Any CPU.Build.0 = Release|Any CPU
		{C9D10E84-7EDA-8481-61BE-3738EFF68300}.Debug|Any CPU.ActiveCfg = Debug|Any CPU
		{C9D10E84-7EDA-8481-61BE-3738EFF68300}.Debug|Any CPU.Build.0 = Debug|Any CPU
		{C9D10E84-7EDA-8481-61BE-3738EFF68300}.Release|Any CPU.ActiveCfg = Release|Any CPU
		{C9D10E84-7EDA-8481-61BE-3738EFF68300}.Release|Any CPU.Build.0 = Release|Any CPU
		{E1B81C37-58C1-70CB-E696-C2BD107CC310}.Debug|Any CPU.ActiveCfg = Debug|Any CPU
		{E1B81C37-58C1-70CB-E696-C2BD107CC310}.Debug|Any CPU.Build.0 = Debug|Any CPU
		{E1B81C37-58C1-70CB-E696-C2BD107CC310}.Release|Any CPU.ActiveCfg = Release|Any CPU
		{E1B81C37-58C1-70CB-E696-C2BD107CC310}.Release|Any CPU.Build.0 = Release|Any CPU
	EndGlobalSection
	GlobalSection(SolutionProperties) = preSolution
		HideSolutionNode = FALSE
	EndGlobalSection
EndGlobal
